// !$*UTF8*$!
{
	archiveVersion = 1;
	classes = {
	};
	objectVersion = 46;
	objects = {

/* Begin PBXBuildFile section */
		1A08FB131EDF0795009A297D /* SWRevealViewController.m in Sources */ = {isa = PBXBuildFile; fileRef = 1A08FB121EDF0795009A297D /* SWRevealViewController.m */; };
		1A16A00F1EE9067C00DB690D /* PlayerMenuCollectionViewCell.swift in Sources */ = {isa = PBXBuildFile; fileRef = 1A16A00E1EE9067C00DB690D /* PlayerMenuCollectionViewCell.swift */; };
		1A16A0161EE923EC00DB690D /* PlayerInfo+CoreDataClass.swift in Sources */ = {isa = PBXBuildFile; fileRef = 1A16A0141EE923EC00DB690D /* PlayerInfo+CoreDataClass.swift */; };
		1A16A0171EE923EC00DB690D /* PlayerInfo+CoreDataProperties.swift in Sources */ = {isa = PBXBuildFile; fileRef = 1A16A0151EE923EC00DB690D /* PlayerInfo+CoreDataProperties.swift */; };
		1A184B1A1EE860960015C844 /* PlayersMenuViewController.swift in Sources */ = {isa = PBXBuildFile; fileRef = 1A184B191EE860960015C844 /* PlayersMenuViewController.swift */; };
		1A184B1C1EE860A60015C844 /* PlayersMenu.storyboard in Resources */ = {isa = PBXBuildFile; fileRef = 1A184B1B1EE860A60015C844 /* PlayersMenu.storyboard */; };
		1A18A0891EE68B8C004E998B /* SideMenuTableViewCell.swift in Sources */ = {isa = PBXBuildFile; fileRef = 1A18A0881EE68B8C004E998B /* SideMenuTableViewCell.swift */; };
		1A1A43B31EEECF2900EEBF52 /* UserProfile.storyboard in Resources */ = {isa = PBXBuildFile; fileRef = 1A1A43B21EEECF2900EEBF52 /* UserProfile.storyboard */; };
		1A1A43B51EEED60500EEBF52 /* UserProfileViewController.swift in Sources */ = {isa = PBXBuildFile; fileRef = 1A1A43B41EEED60500EEBF52 /* UserProfileViewController.swift */; };
		1A1A5BE31EDFF1B800753DFB /* GoogleService-Info.plist in Resources */ = {isa = PBXBuildFile; fileRef = 1A1A5BE21EDFF1B800753DFB /* GoogleService-Info.plist */; };
		1A1ABA0F1EE19BC60080B5AD /* Login.storyboard in Resources */ = {isa = PBXBuildFile; fileRef = 1A1ABA0E1EE19BC60080B5AD /* Login.storyboard */; };
		1A1ABA111EE19DE70080B5AD /* LoginViewController.swift in Sources */ = {isa = PBXBuildFile; fileRef = 1A1ABA101EE19DE70080B5AD /* LoginViewController.swift */; };
		1A20487B1EE2C4FB00FA8957 /* SignUp.storyboard in Resources */ = {isa = PBXBuildFile; fileRef = 1A20487A1EE2C4FB00FA8957 /* SignUp.storyboard */; };
		1A20487D1EE2C7FF00FA8957 /* SignUpViewController.swift in Sources */ = {isa = PBXBuildFile; fileRef = 1A20487C1EE2C7FF00FA8957 /* SignUpViewController.swift */; };
		1A2048881EE2FF4E00FA8957 /* Email+CoreDataClass.swift in Sources */ = {isa = PBXBuildFile; fileRef = 1A2048861EE2FF4E00FA8957 /* Email+CoreDataClass.swift */; };
		1A2048891EE2FF4E00FA8957 /* Email+CoreDataProperties.swift in Sources */ = {isa = PBXBuildFile; fileRef = 1A2048871EE2FF4E00FA8957 /* Email+CoreDataProperties.swift */; };
		1A5BF3531EDEF92800053F2F /* AppDelegate.swift in Sources */ = {isa = PBXBuildFile; fileRef = 1A5BF3521EDEF92800053F2F /* AppDelegate.swift */; };
		1A5BF3551EDEF92800053F2F /* ViewController.swift in Sources */ = {isa = PBXBuildFile; fileRef = 1A5BF3541EDEF92800053F2F /* ViewController.swift */; };
		1A5BF3581EDEF92800053F2F /* Main.storyboard in Resources */ = {isa = PBXBuildFile; fileRef = 1A5BF3561EDEF92800053F2F /* Main.storyboard */; };
		1A5BF35B1EDEF92800053F2F /* CricNp.xcdatamodeld in Sources */ = {isa = PBXBuildFile; fileRef = 1A5BF3591EDEF92800053F2F /* CricNp.xcdatamodeld */; };
		1A5BF35D1EDEF92800053F2F /* Assets.xcassets in Resources */ = {isa = PBXBuildFile; fileRef = 1A5BF35C1EDEF92800053F2F /* Assets.xcassets */; };
		1A5BF3601EDEF92800053F2F /* LaunchScreen.storyboard in Resources */ = {isa = PBXBuildFile; fileRef = 1A5BF35E1EDEF92800053F2F /* LaunchScreen.storyboard */; };
		1A5BF36A1EDF028800053F2F /* SideMenuViewController.swift in Sources */ = {isa = PBXBuildFile; fileRef = 1A5BF3691EDF028800053F2F /* SideMenuViewController.swift */; };
		1A91F0491EF0275500FAA7D4 /* PlayerProfile.storyboard in Resources */ = {isa = PBXBuildFile; fileRef = 1A91F0481EF0275500FAA7D4 /* PlayerProfile.storyboard */; };
		1A91F04B1EF0281900FAA7D4 /* PlayerProfileViewController.swift in Sources */ = {isa = PBXBuildFile; fileRef = 1A91F04A1EF0281900FAA7D4 /* PlayerProfileViewController.swift */; };
		2416FECF1EFAA88800BD7D30 /* FixturesViewController.swift in Sources */ = {isa = PBXBuildFile; fileRef = 2416FECE1EFAA88800BD7D30 /* FixturesViewController.swift */; };
		2416FED11EFAA94900BD7D30 /* FixturesTableViewCell.swift in Sources */ = {isa = PBXBuildFile; fileRef = 2416FED01EFAA94900BD7D30 /* FixturesTableViewCell.swift */; };
		2485FEF71EF9622A00B963BD /* Fixture.storyboard in Resources */ = {isa = PBXBuildFile; fileRef = 2485FEF61EF9622A00B963BD /* Fixture.storyboard */; };
		851990C15C859E48BC051B4D /* Pods_CricNp.framework in Frameworks */ = {isa = PBXBuildFile; fileRef = 8E9154975EAF88E30DAA6842 /* Pods_CricNp.framework */; };
/* End PBXBuildFile section */

/* Begin PBXFileReference section */
		1A08FB101EDF0795009A297D /* CricNp-Bridging-Header.h */ = {isa = PBXFileReference; lastKnownFileType = sourcecode.c.h; path = "CricNp-Bridging-Header.h"; sourceTree = "<group>"; };
		1A08FB111EDF0795009A297D /* SWRevealViewController.h */ = {isa = PBXFileReference; fileEncoding = 4; lastKnownFileType = sourcecode.c.h; path = SWRevealViewController.h; sourceTree = "<group>"; };
		1A08FB121EDF0795009A297D /* SWRevealViewController.m */ = {isa = PBXFileReference; fileEncoding = 4; lastKnownFileType = sourcecode.c.objc; path = SWRevealViewController.m; sourceTree = "<group>"; };
		1A16A00E1EE9067C00DB690D /* PlayerMenuCollectionViewCell.swift */ = {isa = PBXFileReference; fileEncoding = 4; lastKnownFileType = sourcecode.swift; path = PlayerMenuCollectionViewCell.swift; sourceTree = "<group>"; };
		1A16A0141EE923EC00DB690D /* PlayerInfo+CoreDataClass.swift */ = {isa = PBXFileReference; fileEncoding = 4; lastKnownFileType = sourcecode.swift; path = "PlayerInfo+CoreDataClass.swift"; sourceTree = "<group>"; };
		1A16A0151EE923EC00DB690D /* PlayerInfo+CoreDataProperties.swift */ = {isa = PBXFileReference; fileEncoding = 4; lastKnownFileType = sourcecode.swift; path = "PlayerInfo+CoreDataProperties.swift"; sourceTree = "<group>"; };
		1A184B191EE860960015C844 /* PlayersMenuViewController.swift */ = {isa = PBXFileReference; fileEncoding = 4; lastKnownFileType = sourcecode.swift; path = PlayersMenuViewController.swift; sourceTree = "<group>"; };
		1A184B1B1EE860A60015C844 /* PlayersMenu.storyboard */ = {isa = PBXFileReference; fileEncoding = 4; lastKnownFileType = file.storyboard; path = PlayersMenu.storyboard; sourceTree = "<group>"; };
		1A18A0881EE68B8C004E998B /* SideMenuTableViewCell.swift */ = {isa = PBXFileReference; fileEncoding = 4; lastKnownFileType = sourcecode.swift; path = SideMenuTableViewCell.swift; sourceTree = "<group>"; };
		1A1A43B21EEECF2900EEBF52 /* UserProfile.storyboard */ = {isa = PBXFileReference; fileEncoding = 4; lastKnownFileType = file.storyboard; path = UserProfile.storyboard; sourceTree = "<group>"; };
		1A1A43B41EEED60500EEBF52 /* UserProfileViewController.swift */ = {isa = PBXFileReference; fileEncoding = 4; lastKnownFileType = sourcecode.swift; path = UserProfileViewController.swift; sourceTree = "<group>"; };
		1A1A5BE21EDFF1B800753DFB /* GoogleService-Info.plist */ = {isa = PBXFileReference; fileEncoding = 4; lastKnownFileType = text.plist.xml; path = "GoogleService-Info.plist"; sourceTree = "<group>"; };
		1A1ABA0E1EE19BC60080B5AD /* Login.storyboard */ = {isa = PBXFileReference; fileEncoding = 4; lastKnownFileType = file.storyboard; path = Login.storyboard; sourceTree = "<group>"; };
		1A1ABA101EE19DE70080B5AD /* LoginViewController.swift */ = {isa = PBXFileReference; fileEncoding = 4; lastKnownFileType = sourcecode.swift; path = LoginViewController.swift; sourceTree = "<group>"; };
		1A20487A1EE2C4FB00FA8957 /* SignUp.storyboard */ = {isa = PBXFileReference; fileEncoding = 4; lastKnownFileType = file.storyboard; path = SignUp.storyboard; sourceTree = "<group>"; };
		1A20487C1EE2C7FF00FA8957 /* SignUpViewController.swift */ = {isa = PBXFileReference; fileEncoding = 4; lastKnownFileType = sourcecode.swift; path = SignUpViewController.swift; sourceTree = "<group>"; };
		1A2048861EE2FF4E00FA8957 /* Email+CoreDataClass.swift */ = {isa = PBXFileReference; fileEncoding = 4; lastKnownFileType = sourcecode.swift; path = "Email+CoreDataClass.swift"; sourceTree = "<group>"; };
		1A2048871EE2FF4E00FA8957 /* Email+CoreDataProperties.swift */ = {isa = PBXFileReference; fileEncoding = 4; lastKnownFileType = sourcecode.swift; path = "Email+CoreDataProperties.swift"; sourceTree = "<group>"; };
		1A5BF34F1EDEF92800053F2F /* CricNp.app */ = {isa = PBXFileReference; explicitFileType = wrapper.application; includeInIndex = 0; path = CricNp.app; sourceTree = BUILT_PRODUCTS_DIR; };
		1A5BF3521EDEF92800053F2F /* AppDelegate.swift */ = {isa = PBXFileReference; lastKnownFileType = sourcecode.swift; path = AppDelegate.swift; sourceTree = "<group>"; };
		1A5BF3541EDEF92800053F2F /* ViewController.swift */ = {isa = PBXFileReference; lastKnownFileType = sourcecode.swift; path = ViewController.swift; sourceTree = "<group>"; };
		1A5BF3571EDEF92800053F2F /* Base */ = {isa = PBXFileReference; lastKnownFileType = file.storyboard; name = Base; path = Base.lproj/Main.storyboard; sourceTree = "<group>"; };
		1A5BF35A1EDEF92800053F2F /* CricNp.xcdatamodel */ = {isa = PBXFileReference; lastKnownFileType = wrapper.xcdatamodel; path = CricNp.xcdatamodel; sourceTree = "<group>"; };
		1A5BF35C1EDEF92800053F2F /* Assets.xcassets */ = {isa = PBXFileReference; lastKnownFileType = folder.assetcatalog; path = Assets.xcassets; sourceTree = "<group>"; };
		1A5BF35F1EDEF92800053F2F /* Base */ = {isa = PBXFileReference; lastKnownFileType = file.storyboard; name = Base; path = Base.lproj/LaunchScreen.storyboard; sourceTree = "<group>"; };
		1A5BF3611EDEF92800053F2F /* Info.plist */ = {isa = PBXFileReference; lastKnownFileType = text.plist.xml; path = Info.plist; sourceTree = "<group>"; };
		1A5BF3691EDF028800053F2F /* SideMenuViewController.swift */ = {isa = PBXFileReference; fileEncoding = 4; lastKnownFileType = sourcecode.swift; path = SideMenuViewController.swift; sourceTree = "<group>"; };
		1A91F0481EF0275500FAA7D4 /* PlayerProfile.storyboard */ = {isa = PBXFileReference; fileEncoding = 4; lastKnownFileType = file.storyboard; path = PlayerProfile.storyboard; sourceTree = "<group>"; };
		1A91F04A1EF0281900FAA7D4 /* PlayerProfileViewController.swift */ = {isa = PBXFileReference; fileEncoding = 4; lastKnownFileType = sourcecode.swift; path = PlayerProfileViewController.swift; sourceTree = "<group>"; };
		2416FECE1EFAA88800BD7D30 /* FixturesViewController.swift */ = {isa = PBXFileReference; fileEncoding = 4; lastKnownFileType = sourcecode.swift; path = FixturesViewController.swift; sourceTree = "<group>"; };
		2416FED01EFAA94900BD7D30 /* FixturesTableViewCell.swift */ = {isa = PBXFileReference; fileEncoding = 4; lastKnownFileType = sourcecode.swift; path = FixturesTableViewCell.swift; sourceTree = "<group>"; };
		2485FEF61EF9622A00B963BD /* Fixture.storyboard */ = {isa = PBXFileReference; fileEncoding = 4; lastKnownFileType = file.storyboard; name = Fixture.storyboard; path = ../Fixture.storyboard; sourceTree = "<group>"; };
		8E9154975EAF88E30DAA6842 /* Pods_CricNp.framework */ = {isa = PBXFileReference; explicitFileType = wrapper.framework; includeInIndex = 0; path = Pods_CricNp.framework; sourceTree = BUILT_PRODUCTS_DIR; };
		B62866A2707A74EDD4EC9D9A /* Pods-CricNp.debug.xcconfig */ = {isa = PBXFileReference; includeInIndex = 1; lastKnownFileType = text.xcconfig; name = "Pods-CricNp.debug.xcconfig"; path = "Pods/Target Support Files/Pods-CricNp/Pods-CricNp.debug.xcconfig"; sourceTree = "<group>"; };
		E0ED181A0FB81532A616A389 /* Pods-CricNp.release.xcconfig */ = {isa = PBXFileReference; includeInIndex = 1; lastKnownFileType = text.xcconfig; name = "Pods-CricNp.release.xcconfig"; path = "Pods/Target Support Files/Pods-CricNp/Pods-CricNp.release.xcconfig"; sourceTree = "<group>"; };
/* End PBXFileReference section */

/* Begin PBXFrameworksBuildPhase section */
		1A5BF34C1EDEF92800053F2F /* Frameworks */ = {
			isa = PBXFrameworksBuildPhase;
			buildActionMask = 2147483647;
			files = (
				851990C15C859E48BC051B4D /* Pods_CricNp.framework in Frameworks */,
			);
			runOnlyForDeploymentPostprocessing = 0;
		};
/* End PBXFrameworksBuildPhase section */

/* Begin PBXGroup section */
		1A5BF3461EDEF92700053F2F = {
			isa = PBXGroup;
			children = (
				1A5BF3511EDEF92800053F2F /* CricNp */,
				1A5BF3501EDEF92800053F2F /* Products */,
				5366F253FE2DE6B939A1BA73 /* Pods */,
				7B75104F291D41D03CB6F5A7 /* Frameworks */,
			);
			sourceTree = "<group>";
		};
		1A5BF3501EDEF92800053F2F /* Products */ = {
			isa = PBXGroup;
			children = (
				1A5BF34F1EDEF92800053F2F /* CricNp.app */,
			);
			name = Products;
			sourceTree = "<group>";
		};
		1A5BF3511EDEF92800053F2F /* CricNp */ = {
			isa = PBXGroup;
			children = (
				1A91F04E1EF0286900FAA7D4 /* Modals */,
				1A91F04D1EF0284400FAA7D4 /* Controllers */,
				1A91F04C1EF0282C00FAA7D4 /* Views */,
				1A5BF3521EDEF92800053F2F /* AppDelegate.swift */,
				1A5BF35C1EDEF92800053F2F /* Assets.xcassets */,
				1A5BF35E1EDEF92800053F2F /* LaunchScreen.storyboard */,
				1A08FB111EDF0795009A297D /* SWRevealViewController.h */,
				1A08FB121EDF0795009A297D /* SWRevealViewController.m */,
				1A1A5BE21EDFF1B800753DFB /* GoogleService-Info.plist */,
				1A5BF3611EDEF92800053F2F /* Info.plist */,
				1A5BF3591EDEF92800053F2F /* CricNp.xcdatamodeld */,
				1A08FB101EDF0795009A297D /* CricNp-Bridging-Header.h */,
			);
			path = CricNp;
			sourceTree = "<group>";
		};
		1A91F04C1EF0282C00FAA7D4 /* Views */ = {
			isa = PBXGroup;
			children = (
				1A91F0481EF0275500FAA7D4 /* PlayerProfile.storyboard */,
				1A5BF3561EDEF92800053F2F /* Main.storyboard */,
				1A1ABA0E1EE19BC60080B5AD /* Login.storyboard */,
				1A20487A1EE2C4FB00FA8957 /* SignUp.storyboard */,
				1A184B1B1EE860A60015C844 /* PlayersMenu.storyboard */,
				2485FEF61EF9622A00B963BD /* Fixture.storyboard */,
				1A1A43B21EEECF2900EEBF52 /* UserProfile.storyboard */,
			);
			name = Views;
			sourceTree = "<group>";
		};
		1A91F04D1EF0284400FAA7D4 /* Controllers */ = {
			isa = PBXGroup;
			children = (
				1A5BF3541EDEF92800053F2F /* ViewController.swift */,
				1A5BF3691EDF028800053F2F /* SideMenuViewController.swift */,
				1A18A0881EE68B8C004E998B /* SideMenuTableViewCell.swift */,
				1A91F04A1EF0281900FAA7D4 /* PlayerProfileViewController.swift */,
				1A1ABA101EE19DE70080B5AD /* LoginViewController.swift */,
				1A184B191EE860960015C844 /* PlayersMenuViewController.swift */,
				1A16A00E1EE9067C00DB690D /* PlayerMenuCollectionViewCell.swift */,
				1A1A43B41EEED60500EEBF52 /* UserProfileViewController.swift */,
				1A20487C1EE2C7FF00FA8957 /* SignUpViewController.swift */,
				2416FECE1EFAA88800BD7D30 /* FixturesViewController.swift */,
				2416FED01EFAA94900BD7D30 /* FixturesTableViewCell.swift */,
			);
			name = Controllers;
			sourceTree = "<group>";
		};
		1A91F04E1EF0286900FAA7D4 /* Modals */ = {
			isa = PBXGroup;
			children = (
				1A2048861EE2FF4E00FA8957 /* Email+CoreDataClass.swift */,
				1A2048871EE2FF4E00FA8957 /* Email+CoreDataProperties.swift */,
				1A16A0141EE923EC00DB690D /* PlayerInfo+CoreDataClass.swift */,
				1A16A0151EE923EC00DB690D /* PlayerInfo+CoreDataProperties.swift */,
			);
			name = Modals;
			sourceTree = "<group>";
		};
		5366F253FE2DE6B939A1BA73 /* Pods */ = {
			isa = PBXGroup;
			children = (
				B62866A2707A74EDD4EC9D9A /* Pods-CricNp.debug.xcconfig */,
				E0ED181A0FB81532A616A389 /* Pods-CricNp.release.xcconfig */,
			);
			name = Pods;
			sourceTree = "<group>";
		};
		7B75104F291D41D03CB6F5A7 /* Frameworks */ = {
			isa = PBXGroup;
			children = (
				8E9154975EAF88E30DAA6842 /* Pods_CricNp.framework */,
			);
			name = Frameworks;
			sourceTree = "<group>";
		};
/* End PBXGroup section */

/* Begin PBXNativeTarget section */
		1A5BF34E1EDEF92800053F2F /* CricNp */ = {
			isa = PBXNativeTarget;
			buildConfigurationList = 1A5BF3641EDEF92800053F2F /* Build configuration list for PBXNativeTarget "CricNp" */;
			buildPhases = (
				52B5941144783058AEE793E1 /* [CP] Check Pods Manifest.lock */,
				1A5BF34B1EDEF92800053F2F /* Sources */,
				1A5BF34C1EDEF92800053F2F /* Frameworks */,
				1A5BF34D1EDEF92800053F2F /* Resources */,
				B82A3C97BB7C9CBC211014CF /* [CP] Embed Pods Frameworks */,
				041B5D93A100417E67B1B751 /* [CP] Copy Pods Resources */,
			);
			buildRules = (
			);
			dependencies = (
			);
			name = CricNp;
			productName = CricNp;
			productReference = 1A5BF34F1EDEF92800053F2F /* CricNp.app */;
			productType = "com.apple.product-type.application";
		};
/* End PBXNativeTarget section */

/* Begin PBXProject section */
		1A5BF3471EDEF92700053F2F /* Project object */ = {
			isa = PBXProject;
			attributes = {
				LastSwiftUpdateCheck = 0820;
				LastUpgradeCheck = 0820;
				ORGANIZATIONNAME = Lizan;
				TargetAttributes = {
					1A5BF34E1EDEF92800053F2F = {
						CreatedOnToolsVersion = 8.2.1;
						DevelopmentTeam = 8FVUQ89F2G;
						LastSwiftMigration = 0820;
						ProvisioningStyle = Automatic;
					};
				};
			};
			buildConfigurationList = 1A5BF34A1EDEF92700053F2F /* Build configuration list for PBXProject "CricNp" */;
			compatibilityVersion = "Xcode 3.2";
			developmentRegion = English;
			hasScannedForEncodings = 0;
			knownRegions = (
				en,
				Base,
			);
			mainGroup = 1A5BF3461EDEF92700053F2F;
			productRefGroup = 1A5BF3501EDEF92800053F2F /* Products */;
			projectDirPath = "";
			projectRoot = "";
			targets = (
				1A5BF34E1EDEF92800053F2F /* CricNp */,
			);
		};
/* End PBXProject section */

/* Begin PBXResourcesBuildPhase section */
		1A5BF34D1EDEF92800053F2F /* Resources */ = {
			isa = PBXResourcesBuildPhase;
			buildActionMask = 2147483647;
			files = (
				2485FEF71EF9622A00B963BD /* Fixture.storyboard in Resources */,
				1A5BF3601EDEF92800053F2F /* LaunchScreen.storyboard in Resources */,
				1A5BF35D1EDEF92800053F2F /* Assets.xcassets in Resources */,
				1A20487B1EE2C4FB00FA8957 /* SignUp.storyboard in Resources */,
				1A1A5BE31EDFF1B800753DFB /* GoogleService-Info.plist in Resources */,
				1A1ABA0F1EE19BC60080B5AD /* Login.storyboard in Resources */,
				1A1A43B31EEECF2900EEBF52 /* UserProfile.storyboard in Resources */,
				1A5BF3581EDEF92800053F2F /* Main.storyboard in Resources */,
				1A184B1C1EE860A60015C844 /* PlayersMenu.storyboard in Resources */,
				1A91F0491EF0275500FAA7D4 /* PlayerProfile.storyboard in Resources */,
			);
			runOnlyForDeploymentPostprocessing = 0;
		};
/* End PBXResourcesBuildPhase section */

/* Begin PBXShellScriptBuildPhase section */
		041B5D93A100417E67B1B751 /* [CP] Copy Pods Resources */ = {
			isa = PBXShellScriptBuildPhase;
			buildActionMask = 2147483647;
			files = (
			);
			inputPaths = (
			);
			name = "[CP] Copy Pods Resources";
			outputPaths = (
			);
			runOnlyForDeploymentPostprocessing = 0;
			shellPath = /bin/sh;
			shellScript = "\"${SRCROOT}/Pods/Target Support Files/Pods-CricNp/Pods-CricNp-resources.sh\"\n";
			showEnvVarsInLog = 0;
		};
		52B5941144783058AEE793E1 /* [CP] Check Pods Manifest.lock */ = {
			isa = PBXShellScriptBuildPhase;
			buildActionMask = 2147483647;
			files = (
			);
			inputPaths = (
			);
			name = "[CP] Check Pods Manifest.lock";
			outputPaths = (
			);
			runOnlyForDeploymentPostprocessing = 0;
			shellPath = /bin/sh;
			shellScript = "diff \"${PODS_PODFILE_DIR_PATH}/Podfile.lock\" \"${PODS_ROOT}/Manifest.lock\" > /dev/null\nif [ $? != 0 ] ; then\n    # print error to STDERR\n    echo \"error: The sandbox is not in sync with the Podfile.lock. Run 'pod install' or update your CocoaPods installation.\" >&2\n    exit 1\nfi\n";
			showEnvVarsInLog = 0;
		};
		B82A3C97BB7C9CBC211014CF /* [CP] Embed Pods Frameworks */ = {
			isa = PBXShellScriptBuildPhase;
			buildActionMask = 2147483647;
			files = (
			);
			inputPaths = (
			);
			name = "[CP] Embed Pods Frameworks";
			outputPaths = (
			);
			runOnlyForDeploymentPostprocessing = 0;
			shellPath = /bin/sh;
			shellScript = "\"${SRCROOT}/Pods/Target Support Files/Pods-CricNp/Pods-CricNp-frameworks.sh\"\n";
			showEnvVarsInLog = 0;
		};
/* End PBXShellScriptBuildPhase section */

/* Begin PBXSourcesBuildPhase section */
		1A5BF34B1EDEF92800053F2F /* Sources */ = {
			isa = PBXSourcesBuildPhase;
			buildActionMask = 2147483647;
			files = (
				1A16A0171EE923EC00DB690D /* PlayerInfo+CoreDataProperties.swift in Sources */,
				1A1A43B51EEED60500EEBF52 /* UserProfileViewController.swift in Sources */,
				1A1ABA111EE19DE70080B5AD /* LoginViewController.swift in Sources */,
				1A5BF36A1EDF028800053F2F /* SideMenuViewController.swift in Sources */,
				1A16A00F1EE9067C00DB690D /* PlayerMenuCollectionViewCell.swift in Sources */,
				2416FED11EFAA94900BD7D30 /* FixturesTableViewCell.swift in Sources */,
				1A2048881EE2FF4E00FA8957 /* Email+CoreDataClass.swift in Sources */,
				1A20487D1EE2C7FF00FA8957 /* SignUpViewController.swift in Sources */,
				1A5BF3551EDEF92800053F2F /* ViewController.swift in Sources */,
				1A184B1A1EE860960015C844 /* PlayersMenuViewController.swift in Sources */,
				1A08FB131EDF0795009A297D /* SWRevealViewController.m in Sources */,
				1A16A0161EE923EC00DB690D /* PlayerInfo+CoreDataClass.swift in Sources */,
				1A91F04B1EF0281900FAA7D4 /* PlayerProfileViewController.swift in Sources */,
				2416FECF1EFAA88800BD7D30 /* FixturesViewController.swift in Sources */,
				1A5BF35B1EDEF92800053F2F /* CricNp.xcdatamodeld in Sources */,
				1A2048891EE2FF4E00FA8957 /* Email+CoreDataProperties.swift in Sources */,
				1A18A0891EE68B8C004E998B /* SideMenuTableViewCell.swift in Sources */,
				1A5BF3531EDEF92800053F2F /* AppDelegate.swift in Sources */,
			);
			runOnlyForDeploymentPostprocessing = 0;
		};
/* End PBXSourcesBuildPhase section */

/* Begin PBXVariantGroup section */
		1A5BF3561EDEF92800053F2F /* Main.storyboard */ = {
			isa = PBXVariantGroup;
			children = (
				1A5BF3571EDEF92800053F2F /* Base */,
			);
			name = Main.storyboard;
			sourceTree = "<group>";
		};
		1A5BF35E1EDEF92800053F2F /* LaunchScreen.storyboard */ = {
			isa = PBXVariantGroup;
			children = (
				1A5BF35F1EDEF92800053F2F /* Base */,
			);
			name = LaunchScreen.storyboard;
			sourceTree = "<group>";
		};
/* End PBXVariantGroup section */

/* Begin XCBuildConfiguration section */
		1A5BF3621EDEF92800053F2F /* Debug */ = {
			isa = XCBuildConfiguration;
			buildSettings = {
				ALWAYS_SEARCH_USER_PATHS = NO;
				CLANG_ANALYZER_NONNULL = YES;
				CLANG_CXX_LANGUAGE_STANDARD = "gnu++0x";
				CLANG_CXX_LIBRARY = "libc++";
				CLANG_ENABLE_MODULES = YES;
				CLANG_ENABLE_OBJC_ARC = YES;
				CLANG_WARN_BOOL_CONVERSION = YES;
				CLANG_WARN_CONSTANT_CONVERSION = YES;
				CLANG_WARN_DIRECT_OBJC_ISA_USAGE = YES_ERROR;
				CLANG_WARN_DOCUMENTATION_COMMENTS = YES;
				CLANG_WARN_EMPTY_BODY = YES;
				CLANG_WARN_ENUM_CONVERSION = YES;
				CLANG_WARN_INFINITE_RECURSION = YES;
				CLANG_WARN_INT_CONVERSION = YES;
				CLANG_WARN_OBJC_ROOT_CLASS = YES_ERROR;
				CLANG_WARN_SUSPICIOUS_MOVE = YES;
				CLANG_WARN_UNREACHABLE_CODE = YES;
				CLANG_WARN__DUPLICATE_METHOD_MATCH = YES;
				"CODE_SIGN_IDENTITY[sdk=iphoneos*]" = "iPhone Developer";
				COPY_PHASE_STRIP = NO;
				DEBUG_INFORMATION_FORMAT = dwarf;
				ENABLE_STRICT_OBJC_MSGSEND = YES;
				ENABLE_TESTABILITY = YES;
				GCC_C_LANGUAGE_STANDARD = gnu99;
				GCC_DYNAMIC_NO_PIC = NO;
				GCC_NO_COMMON_BLOCKS = YES;
				GCC_OPTIMIZATION_LEVEL = 0;
				GCC_PREPROCESSOR_DEFINITIONS = (
					"DEBUG=1",
					"$(inherited)",
				);
				GCC_WARN_64_TO_32_BIT_CONVERSION = YES;
				GCC_WARN_ABOUT_RETURN_TYPE = YES_ERROR;
				GCC_WARN_UNDECLARED_SELECTOR = YES;
				GCC_WARN_UNINITIALIZED_AUTOS = YES_AGGRESSIVE;
				GCC_WARN_UNUSED_FUNCTION = YES;
				GCC_WARN_UNUSED_VARIABLE = YES;
				IPHONEOS_DEPLOYMENT_TARGET = 10.2;
				MTL_ENABLE_DEBUG_INFO = YES;
				ONLY_ACTIVE_ARCH = YES;
				SDKROOT = iphoneos;
				SWIFT_ACTIVE_COMPILATION_CONDITIONS = DEBUG;
				SWIFT_OPTIMIZATION_LEVEL = "-Onone";
				TARGETED_DEVICE_FAMILY = "1,2";
			};
			name = Debug;
		};
		1A5BF3631EDEF92800053F2F /* Release */ = {
			isa = XCBuildConfiguration;
			buildSettings = {
				ALWAYS_SEARCH_USER_PATHS = NO;
				CLANG_ANALYZER_NONNULL = YES;
				CLANG_CXX_LANGUAGE_STANDARD = "gnu++0x";
				CLANG_CXX_LIBRARY = "libc++";
				CLANG_ENABLE_MODULES = YES;
				CLANG_ENABLE_OBJC_ARC = YES;
				CLANG_WARN_BOOL_CONVERSION = YES;
				CLANG_WARN_CONSTANT_CONVERSION = YES;
				CLANG_WARN_DIRECT_OBJC_ISA_USAGE = YES_ERROR;
				CLANG_WARN_DOCUMENTATION_COMMENTS = YES;
				CLANG_WARN_EMPTY_BODY = YES;
				CLANG_WARN_ENUM_CONVERSION = YES;
				CLANG_WARN_INFINITE_RECURSION = YES;
				CLANG_WARN_INT_CONVERSION = YES;
				CLANG_WARN_OBJC_ROOT_CLASS = YES_ERROR;
				CLANG_WARN_SUSPICIOUS_MOVE = YES;
				CLANG_WARN_UNREACHABLE_CODE = YES;
				CLANG_WARN__DUPLICATE_METHOD_MATCH = YES;
				"CODE_SIGN_IDENTITY[sdk=iphoneos*]" = "iPhone Developer";
				COPY_PHASE_STRIP = NO;
				DEBUG_INFORMATION_FORMAT = "dwarf-with-dsym";
				ENABLE_NS_ASSERTIONS = NO;
				ENABLE_STRICT_OBJC_MSGSEND = YES;
				GCC_C_LANGUAGE_STANDARD = gnu99;
				GCC_NO_COMMON_BLOCKS = YES;
				GCC_WARN_64_TO_32_BIT_CONVERSION = YES;
				GCC_WARN_ABOUT_RETURN_TYPE = YES_ERROR;
				GCC_WARN_UNDECLARED_SELECTOR = YES;
				GCC_WARN_UNINITIALIZED_AUTOS = YES_AGGRESSIVE;
				GCC_WARN_UNUSED_FUNCTION = YES;
				GCC_WARN_UNUSED_VARIABLE = YES;
				IPHONEOS_DEPLOYMENT_TARGET = 10.2;
				MTL_ENABLE_DEBUG_INFO = NO;
				SDKROOT = iphoneos;
				SWIFT_OPTIMIZATION_LEVEL = "-Owholemodule";
				TARGETED_DEVICE_FAMILY = "1,2";
				VALIDATE_PRODUCT = YES;
			};
			name = Release;
		};
		1A5BF3651EDEF92800053F2F /* Debug */ = {
			isa = XCBuildConfiguration;
			baseConfigurationReference = B62866A2707A74EDD4EC9D9A /* Pods-CricNp.debug.xcconfig */;
			buildSettings = {
				ASSETCATALOG_COMPILER_APPICON_NAME = AppIcon;
				CLANG_ENABLE_MODULES = YES;
				DEVELOPMENT_TEAM = 8FVUQ89F2G;
				INFOPLIST_FILE = CricNp/Info.plist;
				LD_RUNPATH_SEARCH_PATHS = "$(inherited) @executable_path/Frameworks";
				PRODUCT_BUNDLE_IDENTIFIER = com.rojan;
				PRODUCT_NAME = "$(TARGET_NAME)";
				SWIFT_OBJC_BRIDGING_HEADER = "CricNp/CricNp-Bridging-Header.h";
				SWIFT_OPTIMIZATION_LEVEL = "-Onone";
				SWIFT_VERSION = 3.0;
			};
			name = Debug;
		};
		1A5BF3661EDEF92800053F2F /* Release */ = {
			isa = XCBuildConfiguration;
			baseConfigurationReference = E0ED181A0FB81532A616A389 /* Pods-CricNp.release.xcconfig */;
			buildSettings = {
				ASSETCATALOG_COMPILER_APPICON_NAME = AppIcon;
				CLANG_ENABLE_MODULES = YES;
				DEVELOPMENT_TEAM = 8FVUQ89F2G;
				INFOPLIST_FILE = CricNp/Info.plist;
				LD_RUNPATH_SEARCH_PATHS = "$(inherited) @executable_path/Frameworks";
				PRODUCT_BUNDLE_IDENTIFIER = com.rojan;
				PRODUCT_NAME = "$(TARGET_NAME)";
				SWIFT_OBJC_BRIDGING_HEADER = "CricNp/CricNp-Bridging-Header.h";
				SWIFT_VERSION = 3.0;
			};
			name = Release;
		};
/* End XCBuildConfiguration section */

/* Begin XCConfigurationList section */
		1A5BF34A1EDEF92700053F2F /* Build configuration list for PBXProject "CricNp" */ = {
			isa = XCConfigurationList;
			buildConfigurations = (
				1A5BF3621EDEF92800053F2F /* Debug */,
				1A5BF3631EDEF92800053F2F /* Release */,
			);
			defaultConfigurationIsVisible = 0;
			defaultConfigurationName = Release;
		};
		1A5BF3641EDEF92800053F2F /* Build configuration list for PBXNativeTarget "CricNp" */ = {
			isa = XCConfigurationList;
			buildConfigurations = (
				1A5BF3651EDEF92800053F2F /* Debug */,
				1A5BF3661EDEF92800053F2F /* Release */,
			);
			defaultConfigurationIsVisible = 0;
			defaultConfigurationName = Release;
		};
/* End XCConfigurationList section */

/* Begin XCVersionGroup section */
		1A5BF3591EDEF92800053F2F /* CricNp.xcdatamodeld */ = {
			isa = XCVersionGroup;
			children = (
				1A5BF35A1EDEF92800053F2F /* CricNp.xcdatamodel */,
			);
			currentVersion = 1A5BF35A1EDEF92800053F2F /* CricNp.xcdatamodel */;
			path = CricNp.xcdatamodeld;
			sourceTree = "<group>";
			versionGroupType = wrapper.xcdatamodel;
		};
/* End XCVersionGroup section */
	};
	rootObject = 1A5BF3471EDEF92700053F2F /* Project object */;
}
